// !$*UTF8*$!
{
	archiveVersion = 1;
	classes = {
	};
	objectVersion = 46;
	objects = {

/* Begin PBXBuildFile section */
		3F6852951A172D9700ED9874 /* main.m in Sources */ = {isa = PBXBuildFile; fileRef = 3F6852941A172D9700ED9874 /* main.m */; };
		3F6852981A172D9700ED9874 /* AppDelegate.m in Sources */ = {isa = PBXBuildFile; fileRef = 3F6852971A172D9700ED9874 /* AppDelegate.m */; };
		3F68529B1A172D9700ED9874 /* ViewController.m in Sources */ = {isa = PBXBuildFile; fileRef = 3F68529A1A172D9700ED9874 /* ViewController.m */; };
		3F68529E1A172D9700ED9874 /* Main.storyboard in Resources */ = {isa = PBXBuildFile; fileRef = 3F68529C1A172D9700ED9874 /* Main.storyboard */; };
		3F6852A01A172D9700ED9874 /* Images.xcassets in Resources */ = {isa = PBXBuildFile; fileRef = 3F68529F1A172D9700ED9874 /* Images.xcassets */; };
		3F6852A31A172D9700ED9874 /* LaunchScreen.xib in Resources */ = {isa = PBXBuildFile; fileRef = 3F6852A11A172D9700ED9874 /* LaunchScreen.xib */; };
		3F6852AF1A172D9700ED9874 /* SimpleAppTests.m in Sources */ = {isa = PBXBuildFile; fileRef = 3F6852AE1A172D9700ED9874 /* SimpleAppTests.m */; };
/* End PBXBuildFile section */

/* Begin PBXContainerItemProxy section */
		3F6852A91A172D9700ED9874 /* PBXContainerItemProxy */ = {
			isa = PBXContainerItemProxy;
			containerPortal = 3F6852871A172D9700ED9874 /* Project object */;
			proxyType = 1;
			remoteGlobalIDString = 3F68528E1A172D9700ED9874;
			remoteInfo = SimpleApp;
		};
/* End PBXContainerItemProxy section */

/* Begin PBXFileReference section */
		3F68528F1A172D9700ED9874 /* SimpleApp.app */ = {isa = PBXFileReference; explicitFileType = wrapper.application; includeInIndex = 0; path = SimpleApp.app; sourceTree = BUILT_PRODUCTS_DIR; };
		3F6852931A172D9700ED9874 /* Info.plist */ = {isa = PBXFileReference; lastKnownFileType = text.plist.xml; path = Info.plist; sourceTree = "<group>"; };
		3F6852941A172D9700ED9874 /* main.m */ = {isa = PBXFileReference; lastKnownFileType = sourcecode.c.objc; path = main.m; sourceTree = "<group>"; };
		3F6852961A172D9700ED9874 /* AppDelegate.h */ = {isa = PBXFileReference; lastKnownFileType = sourcecode.c.h; path = AppDelegate.h; sourceTree = "<group>"; };
		3F6852971A172D9700ED9874 /* AppDelegate.m */ = {isa = PBXFileReference; lastKnownFileType = sourcecode.c.objc; path = AppDelegate.m; sourceTree = "<group>"; };
		3F6852991A172D9700ED9874 /* ViewController.h */ = {isa = PBXFileReference; lastKnownFileType = sourcecode.c.h; path = ViewController.h; sourceTree = "<group>"; };
		3F68529A1A172D9700ED9874 /* ViewController.m */ = {isa = PBXFileReference; lastKnownFileType = sourcecode.c.objc; path = ViewController.m; sourceTree = "<group>"; };
		3F68529D1A172D9700ED9874 /* Base */ = {isa = PBXFileReference; lastKnownFileType = file.storyboard; name = Base; path = Base.lproj/Main.storyboard; sourceTree = "<group>"; };
		3F68529F1A172D9700ED9874 /* Images.xcassets */ = {isa = PBXFileReference; lastKnownFileType = folder.assetcatalog; path = Images.xcassets; sourceTree = "<group>"; };
		3F6852A21A172D9700ED9874 /* Base */ = {isa = PBXFileReference; lastKnownFileType = file.xib; name = Base; path = Base.lproj/LaunchScreen.xib; sourceTree = "<group>"; };
		3F6852A81A172D9700ED9874 /* SimpleAppTests.xctest */ = {isa = PBXFileReference; explicitFileType = wrapper.cfbundle; includeInIndex = 0; path = SimpleAppTests.xctest; sourceTree = BUILT_PRODUCTS_DIR; };
		3F6852AD1A172D9700ED9874 /* Info.plist */ = {isa = PBXFileReference; lastKnownFileType = text.plist.xml; path = Info.plist; sourceTree = "<group>"; };
		3F6852AE1A172D9700ED9874 /* SimpleAppTests.m */ = {isa = PBXFileReference; lastKnownFileType = sourcecode.c.objc; path = SimpleAppTests.m; sourceTree = "<group>"; };
/* End PBXFileReference section */

/* Begin PBXFrameworksBuildPhase section */
		3F68528C1A172D9700ED9874 /* Frameworks */ = {
			isa = PBXFrameworksBuildPhase;
			buildActionMask = 2147483647;
			files = (
			);
			runOnlyForDeploymentPostprocessing = 0;
		};
		3F6852A51A172D9700ED9874 /* Frameworks */ = {
			isa = PBXFrameworksBuildPhase;
			buildActionMask = 2147483647;
			files = (
			);
			runOnlyForDeploymentPostprocessing = 0;
		};
/* End PBXFrameworksBuildPhase section */

/* Begin PBXGroup section */
		3F6852861A172D9700ED9874 = {
			isa = PBXGroup;
			children = (
				3F6852911A172D9700ED9874 /* SimpleApp */,
				3F6852AB1A172D9700ED9874 /* SimpleAppTests */,
				3F6852901A172D9700ED9874 /* Products */,
			);
			sourceTree = "<group>";
		};
		3F6852901A172D9700ED9874 /* Products */ = {
			isa = PBXGroup;
			children = (
				3F68528F1A172D9700ED9874 /* SimpleApp.app */,
				3F6852A81A172D9700ED9874 /* SimpleAppTests.xctest */,
			);
			name = Products;
			sourceTree = "<group>";
		};
		3F6852911A172D9700ED9874 /* SimpleApp */ = {
			isa = PBXGroup;
			children = (
				3F6852961A172D9700ED9874 /* AppDelegate.h */,
				3F6852971A172D9700ED9874 /* AppDelegate.m */,
				3F6852991A172D9700ED9874 /* ViewController.h */,
				3F68529A1A172D9700ED9874 /* ViewController.m */,
				3F68529C1A172D9700ED9874 /* Main.storyboard */,
				3F68529F1A172D9700ED9874 /* Images.xcassets */,
				3F6852A11A172D9700ED9874 /* LaunchScreen.xib */,
				3F6852921A172D9700ED9874 /* Supporting Files */,
			);
			path = SimpleApp;
			sourceTree = "<group>";
		};
		3F6852921A172D9700ED9874 /* Supporting Files */ = {
			isa = PBXGroup;
			children = (
				3F6852931A172D9700ED9874 /* Info.plist */,
				3F6852941A172D9700ED9874 /* main.m */,
			);
			name = "Supporting Files";
			sourceTree = "<group>";
		};
		3F6852AB1A172D9700ED9874 /* SimpleAppTests */ = {
			isa = PBXGroup;
			children = (
				3F6852AE1A172D9700ED9874 /* SimpleAppTests.m */,
				3F6852AC1A172D9700ED9874 /* Supporting Files */,
			);
			path = SimpleAppTests;
			sourceTree = "<group>";
		};
		3F6852AC1A172D9700ED9874 /* Supporting Files */ = {
			isa = PBXGroup;
			children = (
				3F6852AD1A172D9700ED9874 /* Info.plist */,
			);
			name = "Supporting Files";
			sourceTree = "<group>";
		};
/* End PBXGroup section */

/* Begin PBXNativeTarget section */
		3F68528E1A172D9700ED9874 /* SimpleApp */ = {
			isa = PBXNativeTarget;
			buildConfigurationList = 3F6852B21A172D9700ED9874 /* Build configuration list for PBXNativeTarget "SimpleApp" */;
			buildPhases = (
				3F68528B1A172D9700ED9874 /* Sources */,
				3F68528C1A172D9700ED9874 /* Frameworks */,
				3F68528D1A172D9700ED9874 /* Resources */,
			);
			buildRules = (
			);
			dependencies = (
			);
			name = SimpleApp;
			productName = SimpleApp;
			productReference = 3F68528F1A172D9700ED9874 /* SimpleApp.app */;
			productType = "com.apple.product-type.application";
		};
		3F6852A71A172D9700ED9874 /* SimpleAppTests */ = {
			isa = PBXNativeTarget;
			buildConfigurationList = 3F6852B51A172D9700ED9874 /* Build configuration list for PBXNativeTarget "SimpleAppTests" */;
			buildPhases = (
				3F6852A41A172D9700ED9874 /* Sources */,
				3F6852A51A172D9700ED9874 /* Frameworks */,
				3F6852A61A172D9700ED9874 /* Resources */,
			);
			buildRules = (
			);
			dependencies = (
				3F6852AA1A172D9700ED9874 /* PBXTargetDependency */,
			);
			name = SimpleAppTests;
			productName = SimpleAppTests;
			productReference = 3F6852A81A172D9700ED9874 /* SimpleAppTests.xctest */;
			productType = "com.apple.product-type.bundle.unit-test";
		};
/* End PBXNativeTarget section */

/* Begin PBXProject section */
		3F6852871A172D9700ED9874 /* Project object */ = {
			isa = PBXProject;
			attributes = {
				LastUpgradeCheck = 0610;
				ORGANIZATIONNAME = "Manoharan Velayutham";
				TargetAttributes = {
					3F68528E1A172D9700ED9874 = {
						CreatedOnToolsVersion = 6.1;
					};
					3F6852A71A172D9700ED9874 = {
						CreatedOnToolsVersion = 6.1;
						TestTargetID = 3F68528E1A172D9700ED9874;
					};
				};
			};
			buildConfigurationList = 3F68528A1A172D9700ED9874 /* Build configuration list for PBXProject "SimpleApp" */;
			compatibilityVersion = "Xcode 3.2";
			developmentRegion = English;
			hasScannedForEncodings = 0;
			knownRegions = (
				en,
				Base,
			);
			mainGroup = 3F6852861A172D9700ED9874;
			productRefGroup = 3F6852901A172D9700ED9874 /* Products */;
			projectDirPath = "";
			projectRoot = "";
			targets = (
				3F68528E1A172D9700ED9874 /* SimpleApp */,
				3F6852A71A172D9700ED9874 /* SimpleAppTests */,
			);
		};
/* End PBXProject section */

/* Begin PBXResourcesBuildPhase section */
		3F68528D1A172D9700ED9874 /* Resources */ = {
			isa = PBXResourcesBuildPhase;
			buildActionMask = 2147483647;
			files = (
				3F68529E1A172D9700ED9874 /* Main.storyboard in Resources */,
				3F6852A31A172D9700ED9874 /* LaunchScreen.xib in Resources */,
				3F6852A01A172D9700ED9874 /* Images.xcassets in Resources */,
			);
			runOnlyForDeploymentPostprocessing = 0;
		};
		3F6852A61A172D9700ED9874 /* Resources */ = {
			isa = PBXResourcesBuildPhase;
			buildActionMask = 2147483647;
			files = (
			);
			runOnlyForDeploymentPostprocessing = 0;
		};
/* End PBXResourcesBuildPhase section */

/* Begin PBXSourcesBuildPhase section */
		3F68528B1A172D9700ED9874 /* Sources */ = {
			isa = PBXSourcesBuildPhase;
			buildActionMask = 2147483647;
			files = (
				3F68529B1A172D9700ED9874 /* ViewController.m in Sources */,
				3F6852981A172D9700ED9874 /* AppDelegate.m in Sources */,
				3F6852951A172D9700ED9874 /* main.m in Sources */,
			);
			runOnlyForDeploymentPostprocessing = 0;
		};
		3F6852A41A172D9700ED9874 /* Sources */ = {
			isa = PBXSourcesBuildPhase;
			buildActionMask = 2147483647;
			files = (
				3F6852AF1A172D9700ED9874 /* SimpleAppTests.m in Sources */,
			);
			runOnlyForDeploymentPostprocessing = 0;
		};
/* End PBXSourcesBuildPhase section */

/* Begin PBXTargetDependency section */
		3F6852AA1A172D9700ED9874 /* PBXTargetDependency */ = {
			isa = PBXTargetDependency;
			target = 3F68528E1A172D9700ED9874 /* SimpleApp */;
			targetProxy = 3F6852A91A172D9700ED9874 /* PBXContainerItemProxy */;
		};
/* End PBXTargetDependency section */

/* Begin PBXVariantGroup section */
		3F68529C1A172D9700ED9874 /* Main.storyboard */ = {
			isa = PBXVariantGroup;
			children = (
				3F68529D1A172D9700ED9874 /* Base */,
			);
			name = Main.storyboard;
			sourceTree = "<group>";
		};
		3F6852A11A172D9700ED9874 /* LaunchScreen.xib */ = {
			isa = PBXVariantGroup;
			children = (
				3F6852A21A172D9700ED9874 /* Base */,
			);
			name = LaunchScreen.xib;
			sourceTree = "<group>";
		};
/* End PBXVariantGroup section */

/* Begin XCBuildConfiguration section */
		3F6852B01A172D9700ED9874 /* Debug */ = {
			isa = XCBuildConfiguration;
			buildSettings = {
				ALWAYS_SEARCH_USER_PATHS = NO;
				CLANG_CXX_LANGUAGE_STANDARD = "gnu++0x";
				CLANG_CXX_LIBRARY = "libc++";
				CLANG_ENABLE_MODULES = YES;
				CLANG_ENABLE_OBJC_ARC = YES;
				CLANG_WARN_BOOL_CONVERSION = YES;
				CLANG_WARN_CONSTANT_CONVERSION = YES;
				CLANG_WARN_DIRECT_OBJC_ISA_USAGE = YES_ERROR;
				CLANG_WARN_EMPTY_BODY = YES;
				CLANG_WARN_ENUM_CONVERSION = YES;
				CLANG_WARN_INT_CONVERSION = YES;
				CLANG_WARN_OBJC_ROOT_CLASS = YES_ERROR;
				CLANG_WARN_UNREACHABLE_CODE = YES;
				CLANG_WARN__DUPLICATE_METHOD_MATCH = YES;
				"CODE_SIGN_IDENTITY[sdk=iphoneos*]" = "iPhone Developer";
				COPY_PHASE_STRIP = NO;
				ENABLE_STRICT_OBJC_MSGSEND = YES;
				GCC_C_LANGUAGE_STANDARD = gnu99;
				GCC_DYNAMIC_NO_PIC = NO;
				GCC_OPTIMIZATION_LEVEL = 0;
				GCC_PREPROCESSOR_DEFINITIONS = (
					"DEBUG=1",
					"$(inherited)",
				);
				GCC_SYMBOLS_PRIVATE_EXTERN = NO;
				GCC_WARN_64_TO_32_BIT_CONVERSION = YES;
				GCC_WARN_ABOUT_RETURN_TYPE = YES_ERROR;
				GCC_WARN_UNDECLARED_SELECTOR = YES;
				GCC_WARN_UNINITIALIZED_AUTOS = YES_AGGRESSIVE;
				GCC_WARN_UNUSED_FUNCTION = YES;
				GCC_WARN_UNUSED_VARIABLE = YES;
				IPHONEOS_DEPLOYMENT_TARGET = 8.1;
				MTL_ENABLE_DEBUG_INFO = YES;
				ONLY_ACTIVE_ARCH = YES;
				SDKROOT = iphoneos;
			};
			name = Debug;
		};
		3F6852B11A172D9700ED9874 /* Release */ = {
			isa = XCBuildConfiguration;
			buildSettings = {
				ALWAYS_SEARCH_USER_PATHS = NO;
				CLANG_CXX_LANGUAGE_STANDARD = "gnu++0x";
				CLANG_CXX_LIBRARY = "libc++";
				CLANG_ENABLE_MODULES = YES;
				CLANG_ENABLE_OBJC_ARC = YES;
				CLANG_WARN_BOOL_CONVERSION = YES;
				CLANG_WARN_CONSTANT_CONVERSION = YES;
				CLANG_WARN_DIRECT_OBJC_ISA_USAGE = YES_ERROR;
				CLANG_WARN_EMPTY_BODY = YES;
				CLANG_WARN_ENUM_CONVERSION = YES;
				CLANG_WARN_INT_CONVERSION = YES;
				CLANG_WARN_OBJC_ROOT_CLASS = YES_ERROR;
				CLANG_WARN_UNREACHABLE_CODE = YES;
				CLANG_WARN__DUPLICATE_METHOD_MATCH = YES;
				"CODE_SIGN_IDENTITY[sdk=iphoneos*]" = "iPhone Developer";
				COPY_PHASE_STRIP = YES;
				ENABLE_NS_ASSERTIONS = NO;
				ENABLE_STRICT_OBJC_MSGSEND = YES;
				GCC_C_LANGUAGE_STANDARD = gnu99;
				GCC_WARN_64_TO_32_BIT_CONVERSION = YES;
				GCC_WARN_ABOUT_RETURN_TYPE = YES_ERROR;
				GCC_WARN_UNDECLARED_SELECTOR = YES;
				GCC_WARN_UNINITIALIZED_AUTOS = YES_AGGRESSIVE;
				GCC_WARN_UNUSED_FUNCTION = YES;
				GCC_WARN_UNUSED_VARIABLE = YES;
				IPHONEOS_DEPLOYMENT_TARGET = 8.1;
				MTL_ENABLE_DEBUG_INFO = NO;
				SDKROOT = iphoneos;
				VALIDATE_PRODUCT = YES;
			};
			name = Release;
		};
		3F6852B31A172D9700ED9874 /* Debug */ = {
			isa = XCBuildConfiguration;
			buildSettings = {
				ASSETCATALOG_COMPILER_APPICON_NAME = AppIcon;
				INFOPLIST_FILE = SimpleApp/Info.plist;
				LD_RUNPATH_SEARCH_PATHS = "$(inherited) @executable_path/Frameworks";
				PRODUCT_NAME = "$(TARGET_NAME)";
			};
			name = Debug;
		};
		3F6852B41A172D9700ED9874 /* Release */ = {
			isa = XCBuildConfiguration;
			buildSettings = {
				ASSETCATALOG_COMPILER_APPICON_NAME = AppIcon;
				INFOPLIST_FILE = SimpleApp/Info.plist;
				LD_RUNPATH_SEARCH_PATHS = "$(inherited) @executable_path/Frameworks";
				PRODUCT_NAME = "$(TARGET_NAME)";
			};
			name = Release;
		};
		3F6852B61A172D9700ED9874 /* Debug */ = {
			isa = XCBuildConfiguration;
			buildSettings = {
				BUNDLE_LOADER = "$(TEST_HOST)";
				FRAMEWORK_SEARCH_PATHS = (
					"$(SDKROOT)/Developer/Library/Frameworks",
					"$(inherited)",
				);
				GCC_PREPROCESSOR_DEFINITIONS = (
					"DEBUG=1",
					"$(inherited)",
				);
				INFOPLIST_FILE = SimpleAppTests/Info.plist;
				LD_RUNPATH_SEARCH_PATHS = "$(inherited) @executable_path/Frameworks @loader_path/Frameworks";
				PRODUCT_NAME = "$(TARGET_NAME)";
				TEST_HOST = "$(BUILT_PRODUCTS_DIR)/SimpleApp.app/SimpleApp";
			};
			name = Debug;
		};
		3F6852B71A172D9700ED9874 /* Release */ = {
			isa = XCBuildConfiguration;
			buildSettings = {
				BUNDLE_LOADER = "$(TEST_HOST)";
				FRAMEWORK_SEARCH_PATHS = (
					"$(SDKROOT)/Developer/Library/Frameworks",
					"$(inherited)",
				);
				INFOPLIST_FILE = SimpleAppTests/Info.plist;
				LD_RUNPATH_SEARCH_PATHS = "$(inherited) @executable_path/Frameworks @loader_path/Frameworks";
				PRODUCT_NAME = "$(TARGET_NAME)";
				TEST_HOST = "$(BUILT_PRODUCTS_DIR)/SimpleApp.app/SimpleApp";
			};
			name = Release;
		};
/* End XCBuildConfiguration section */

/* Begin XCConfigurationList section */
		3F68528A1A172D9700ED9874 /* Build configuration list for PBXProject "SimpleApp" */ = {
			isa = XCConfigurationList;
			buildConfigurations = (
				3F6852B01A172D9700ED9874 /* Debug */,
				3F6852B11A172D9700ED9874 /* Release */,
			);
			defaultConfigurationIsVisible = 0;
			defaultConfigurationName = Release;
		};
		3F6852B21A172D9700ED9874 /* Build configuration list for PBXNativeTarget "SimpleApp" */ = {
			isa = XCConfigurationList;
			buildConfigurations = (
				3F6852B31A172D9700ED9874 /* Debug */,
				3F6852B41A172D9700ED9874 /* Release */,
			);
			defaultConfigurationIsVisible = 0;
		};
		3F6852B51A172D9700ED9874 /* Build configuration list for PBXNativeTarget "SimpleAppTests" */ = {
			isa = XCConfigurationList;
			buildConfigurations = (
				3F6852B61A172D9700ED9874 /* Debug */,
				3F6852B71A172D9700ED9874 /* Release */,
			);
			defaultConfigurationIsVisible = 0;
		};
/* End XCConfigurationList section */
	};
	rootObject = 3F6852871A172D9700ED9874 /* Project object */;
}
